PODS:
  - Alamofire (5.9.1)
  - Realm (10.53.0):
    - Realm/Headers (= 10.53.0)
  - Realm/Headers (10.53.0)
  - RealmSwift (10.53.0):
    - Realm (= 10.53.0)
  - RxCocoa (6.7.1):
    - RxRelay (= 6.7.1)
    - RxSwift (= 6.7.1)
  - RxRelay (6.7.1):
    - RxSwift (= 6.7.1)
  - RxSwift (6.7.1)

DEPENDENCIES:
  - Alamofire
  - RealmSwift (~> 10)
  - RxCocoa
  - RxSwift

SPEC REPOS:
  trunk:
    - Alamofire
    - Realm
    - RealmSwift
    - RxCocoa
    - RxRelay
    - RxSwift

SPEC CHECKSUMS:
  Alamofire: f36a35757af4587d8e4f4bfa223ad10be2422b8c
  Realm: e3d9f52df62d7479cf921e5d70294da4fdd2081f
  RealmSwift: 03b060aea36701f8f4bef9fd1d4f4788ae867505
  RxCocoa: f5609cb4637587a7faa99c5d5787e3ad582b75a4
  RxRelay: 4151ba01152436b08271e08410135e099880eae5
  RxSwift: b9a93a26031785159e11abd40d1a55bcb8057e52

PODFILE CHECKSUM: 3bf089dd9c66e09710ee7e4307e6f1aabc955fa7

COCOAPODS: 1.15.2
